
Microsoft Visual Studio Solution File, Format Version 12.00
# Visual Studio Version 17
VisualStudioVersion = 17.2.32630.192
MinimumVisualStudioVersion = 10.0.40219.1
Project("{FAE04EC0-301F-11D3-BF4B-00C04F79EFBC}") = "DeliveryAPI", "DeliveryAPI\DeliveryAPI.csproj", "{C9D153A4-BE9B-4826-B02D-2677D1D6ED27}"
EndProject
Global
	GlobalSection(SolutionConfigurationPlatforms) = preSolution
		Debug|Any CPU = Debug|Any CPU
		Release|Any CPU = Release|Any CPU
	EndGlobalSection
	GlobalSection(ProjectConfigurationPlatforms) = postSolution
		{C9D153A4-BE9B-4826-B02D-2677D1D6ED27}.Debug|Any CPU.ActiveCfg = Debug|Any CPU
		{C9D153A4-BE9B-4826-B02D-2677D1D6ED27}.Debug|Any CPU.Build.0 = Debug|Any CPU
		{C9D153A4-BE9B-4826-B02D-2677D1D6ED27}.Release|Any CPU.ActiveCfg = Release|Any CPU
		{C9D153A4-BE9B-4826-B02D-2677D1D6ED27}.Release|Any CPU.Build.0 = Release|Any CPU
	EndGlobalSection
	GlobalSection(SolutionProperties) = preSolution
		HideSolutionNode = FALSE
	EndGlobalSection
	GlobalSection(ExtensibilityGlobals) = postSolution
		SolutionGuid = {FC9BC40A-8B84-4026-AE8A-1863FA2725B2}
	EndGlobalSection
EndGlobal
